
Microsoft Visual Studio Solution File, Format Version 12.00
# Visual Studio Version 16
VisualStudioVersion = 16.0.31424.327
MinimumVisualStudioVersion = 10.0.40219.1
Project("{FAE04EC0-301F-11D3-BF4B-00C04F79EFBC}") = "WebVendas", "WebVendas\WebVendas.csproj", "{886DDB35-84CC-494C-8231-58CC096E69DB}"
EndProject
Global
	GlobalSection(SolutionConfigurationPlatforms) = preSolution
		Debug|Any CPU = Debug|Any CPU
		Release|Any CPU = Release|Any CPU
	EndGlobalSection
	GlobalSection(ProjectConfigurationPlatforms) = postSolution
		{886DDB35-84CC-494C-8231-58CC096E69DB}.Debug|Any CPU.ActiveCfg = Debug|Any CPU
		{886DDB35-84CC-494C-8231-58CC096E69DB}.Debug|Any CPU.Build.0 = Debug|Any CPU
		{886DDB35-84CC-494C-8231-58CC096E69DB}.Release|Any CPU.ActiveCfg = Release|Any CPU
		{886DDB35-84CC-494C-8231-58CC096E69DB}.Release|Any CPU.Build.0 = Release|Any CPU
	EndGlobalSection
	GlobalSection(SolutionProperties) = preSolution
		HideSolutionNode = FALSE
	EndGlobalSection
	GlobalSection(ExtensibilityGlobals) = postSolution
		SolutionGuid = {640CCE65-97EE-48C7-8F43-749451CC21A1}
	EndGlobalSection
EndGlobal
